
Microsoft Visual Studio Solution File, Format Version 12.00
# Visual Studio Version 17
VisualStudioVersion = 17.0.32126.317
MinimumVisualStudioVersion = 10.0.40219.1
Project("{FAE04EC0-301F-11D3-BF4B-00C04F79EFBC}") = "denee", "denee\denee.csproj", "{87958294-7C3C-4981-97D1-62BA71C013FC}"
EndProject
Global
	GlobalSection(SolutionConfigurationPlatforms) = preSolution
		Debug|Any CPU = Debug|Any CPU
		Release|Any CPU = Release|Any CPU
	EndGlobalSection
	GlobalSection(ProjectConfigurationPlatforms) = postSolution
		{87958294-7C3C-4981-97D1-62BA71C013FC}.Debug|Any CPU.ActiveCfg = Debug|Any CPU
		{87958294-7C3C-4981-97D1-62BA71C013FC}.Debug|Any CPU.Build.0 = Debug|Any CPU
		{87958294-7C3C-4981-97D1-62BA71C013FC}.Release|Any CPU.ActiveCfg = Release|Any CPU
		{87958294-7C3C-4981-97D1-62BA71C013FC}.Release|Any CPU.Build.0 = Release|Any CPU
	EndGlobalSection
	GlobalSection(SolutionProperties) = preSolution
		HideSolutionNode = FALSE
	EndGlobalSection
	GlobalSection(ExtensibilityGlobals) = postSolution
		SolutionGuid = {62ABE92C-46AD-498C-AE7E-EF155AEE14F9}
	EndGlobalSection
EndGlobal
